
Microsoft Visual Studio Solution File, Format Version 9.00
# Visual Studio 2005
Project("{8BC9CEB8-8B4A-11D0-8D11-00A0C91BC942}") = "WriteMemory", "WriteMemory.vcproj", "{A19BFD1D-560E-4970-A3F3-9E16383CFB11}"
EndProject
Global
	GlobalSection(SolutionConfigurationPlatforms) = preSolution
		Debug|Win32 = Debug|Win32
		Release|Win32 = Release|Win32
	EndGlobalSection
	GlobalSection(ProjectConfigurationPlatforms) = postSolution
		{A19BFD1D-560E-4970-A3F3-9E16383CFB11}.Debug|Win32.ActiveCfg = Debug|Win32
		{A19BFD1D-560E-4970-A3F3-9E16383CFB11}.Debug|Win32.Build.0 = Debug|Win32
		{A19BFD1D-560E-4970-A3F3-9E16383CFB11}.Release|Win32.ActiveCfg = Release|Win32
		{A19BFD1D-560E-4970-A3F3-9E16383CFB11}.Release|Win32.Build.0 = Release|Win32
	EndGlobalSection
	GlobalSection(SolutionProperties) = preSolution
		HideSolutionNode = FALSE
	EndGlobalSection
EndGlobal
