
Microsoft Visual Studio Solution File, Format Version 9.00
# Visual Studio 2005
Project("{8BC9CEB8-8B4A-11D0-8D11-00A0C91BC942}") = "SafeProcess", "SafeProcess.vcproj", "{0344449F-4251-4313-A773-8216AAC0F353}"
EndProject
Global
	GlobalSection(SolutionConfigurationPlatforms) = preSolution
		Debug|Win32 = Debug|Win32
		Release|Win32 = Release|Win32
	EndGlobalSection
	GlobalSection(ProjectConfigurationPlatforms) = postSolution
		{0344449F-4251-4313-A773-8216AAC0F353}.Debug|Win32.ActiveCfg = Debug|Win32
		{0344449F-4251-4313-A773-8216AAC0F353}.Debug|Win32.Build.0 = Debug|Win32
		{0344449F-4251-4313-A773-8216AAC0F353}.Release|Win32.ActiveCfg = Release|Win32
		{0344449F-4251-4313-A773-8216AAC0F353}.Release|Win32.Build.0 = Release|Win32
	EndGlobalSection
	GlobalSection(SolutionProperties) = preSolution
		HideSolutionNode = FALSE
	EndGlobalSection
EndGlobal
